
Microsoft Visual Studio Solution File, Format Version 12.00
# Visual Studio 2013
VisualStudioVersion = 12.0.30110.0
MinimumVisualStudioVersion = 10.0.40219.1
Project("{2150E333-8FDC-42A3-9474-1A3956D46DE8}") = "WinApp", "WinApp", "{5A7B97A4-061F-4E2F-A42D-AF341FE2DBAB}"
EndProject
Project("{FAE04EC0-301F-11D3-BF4B-00C04F79EFBC}") = "WindowsAccountGroup", "WinApp\WindowsAccountGroup\WindowsAccountGroup.csproj", "{F8465174-C6AC-4405-9325-885B5D0B6306}"
EndProject
Project("{FAE04EC0-301F-11D3-BF4B-00C04F79EFBC}") = "ChangePassword", "WinApp\ChangePassword\ChangePassword.csproj", "{829A199E-72ED-4241-A236-46C806E315A4}"
EndProject
Project("{FAE04EC0-301F-11D3-BF4B-00C04F79EFBC}") = "GenTableLayout", "WinApp\GenTableLayout\GenTableLayout.csproj", "{6C5C0CDE-CA96-4323-9EBB-A97CA9411BD7}"
EndProject
Global
	GlobalSection(TeamFoundationVersionControl) = preSolution
		SccNumberOfProjects = 4
		SccEnterpriseProvider = {4CA58AB2-18FA-4F8D-95D4-32DDF27D184C}
		SccTeamFoundationServer = https://maduka.visualstudio.com/defaultcollection
		SccLocalPath0 = .
		SccProjectUniqueName1 = WinApp\\ChangePassword\\ChangePassword.csproj
		SccProjectTopLevelParentUniqueName1 = maduka.Utility.sln
		SccProjectName1 = WinApp/ChangePassword
		SccLocalPath1 = WinApp\\ChangePassword
		SccProjectUniqueName2 = WinApp\\GenTableLayout\\GenTableLayout.csproj
		SccProjectTopLevelParentUniqueName2 = maduka.Utility.sln
		SccProjectName2 = WinApp/GenTableLayout
		SccLocalPath2 = WinApp\\GenTableLayout
		SccProjectUniqueName3 = WinApp\\WindowsAccountGroup\\WindowsAccountGroup.csproj
		SccProjectTopLevelParentUniqueName3 = maduka.Utility.sln
		SccProjectName3 = WinApp/WindowsAccountGroup
		SccLocalPath3 = WinApp\\WindowsAccountGroup
	EndGlobalSection
	GlobalSection(SolutionConfigurationPlatforms) = preSolution
		Debug|x86 = Debug|x86
		Release|x86 = Release|x86
	EndGlobalSection
	GlobalSection(ProjectConfigurationPlatforms) = postSolution
		{F8465174-C6AC-4405-9325-885B5D0B6306}.Debug|x86.ActiveCfg = Debug|x86
		{F8465174-C6AC-4405-9325-885B5D0B6306}.Debug|x86.Build.0 = Debug|x86
		{F8465174-C6AC-4405-9325-885B5D0B6306}.Release|x86.ActiveCfg = Release|x86
		{F8465174-C6AC-4405-9325-885B5D0B6306}.Release|x86.Build.0 = Release|x86
		{829A199E-72ED-4241-A236-46C806E315A4}.Debug|x86.ActiveCfg = Debug|x86
		{829A199E-72ED-4241-A236-46C806E315A4}.Debug|x86.Build.0 = Debug|x86
		{829A199E-72ED-4241-A236-46C806E315A4}.Release|x86.ActiveCfg = Release|x86
		{829A199E-72ED-4241-A236-46C806E315A4}.Release|x86.Build.0 = Release|x86
		{6C5C0CDE-CA96-4323-9EBB-A97CA9411BD7}.Debug|x86.ActiveCfg = Debug|x86
		{6C5C0CDE-CA96-4323-9EBB-A97CA9411BD7}.Debug|x86.Build.0 = Debug|x86
		{6C5C0CDE-CA96-4323-9EBB-A97CA9411BD7}.Release|x86.ActiveCfg = Release|x86
		{6C5C0CDE-CA96-4323-9EBB-A97CA9411BD7}.Release|x86.Build.0 = Release|x86
	EndGlobalSection
	GlobalSection(SolutionProperties) = preSolution
		HideSolutionNode = FALSE
	EndGlobalSection
	GlobalSection(NestedProjects) = preSolution
		{F8465174-C6AC-4405-9325-885B5D0B6306} = {5A7B97A4-061F-4E2F-A42D-AF341FE2DBAB}
		{829A199E-72ED-4241-A236-46C806E315A4} = {5A7B97A4-061F-4E2F-A42D-AF341FE2DBAB}
		{6C5C0CDE-CA96-4323-9EBB-A97CA9411BD7} = {5A7B97A4-061F-4E2F-A42D-AF341FE2DBAB}
	EndGlobalSection
EndGlobal
